PODS:
  - Flutter (1.0.0)
  - xue_hua_media_compression (0.0.1):
    - Flutter

DEPENDENCIES:
  - Flutter (from `Flutter`)
  - xue_hua_media_compression (from `.symlinks/plugins/xue_hua_media_compression/ios`)

EXTERNAL SOURCES:
  Flutter:
    :path: Flutter
  xue_hua_media_compression:
    :path: ".symlinks/plugins/xue_hua_media_compression/ios"

SPEC CHECKSUMS:
  Flutter: cabc95a1d2626b1b06e7179b784ebcf0c0cde467
  xue_hua_media_compression: aceb6c6780e2347874dde1326c81e5b27832c5aa

PODFILE CHECKSUM: 3c63482e143d1b91d2d2560aee9fb04ecc74ac7e

COCOAPODS: 1.16.2
